
Microsoft Visual Studio Solution File, Format Version 12.00
# Visual Studio Version 16
VisualStudioVersion = 16.0.29102.190
MinimumVisualStudioVersion = 10.0.40219.1
Project("{FAE04EC0-301F-11D3-BF4B-00C04F79EFBC}") = "dolgozat_konzol", "dolgozat_konzol\dolgozat_konzol.csproj", "{6B8383D4-C34A-4158-A6E3-4467CC3E1306}"
EndProject
Global
	GlobalSection(SolutionConfigurationPlatforms) = preSolution
		Debug|Any CPU = Debug|Any CPU
		Release|Any CPU = Release|Any CPU
	EndGlobalSection
	GlobalSection(ProjectConfigurationPlatforms) = postSolution
		{6B8383D4-C34A-4158-A6E3-4467CC3E1306}.Debug|Any CPU.ActiveCfg = Debug|Any CPU
		{6B8383D4-C34A-4158-A6E3-4467CC3E1306}.Debug|Any CPU.Build.0 = Debug|Any CPU
		{6B8383D4-C34A-4158-A6E3-4467CC3E1306}.Release|Any CPU.ActiveCfg = Release|Any CPU
		{6B8383D4-C34A-4158-A6E3-4467CC3E1306}.Release|Any CPU.Build.0 = Release|Any CPU
	EndGlobalSection
	GlobalSection(SolutionProperties) = preSolution
		HideSolutionNode = FALSE
	EndGlobalSection
	GlobalSection(ExtensibilityGlobals) = postSolution
		SolutionGuid = {903F178A-A642-41C2-9F75-AC8CCB031F00}
	EndGlobalSection
EndGlobal
