
Microsoft Visual Studio Solution File, Format Version 12.00
# Visual Studio Version 16
VisualStudioVersion = 16.0.29102.190
MinimumVisualStudioVersion = 10.0.40219.1
Project("{FAE04EC0-301F-11D3-BF4B-00C04F79EFBC}") = "Etel", "Etel\Etel.csproj", "{47DB8A30-0993-41CD-B24D-7ED0562854D0}"
EndProject
Global
	GlobalSection(SolutionConfigurationPlatforms) = preSolution
		Debug|Any CPU = Debug|Any CPU
		Release|Any CPU = Release|Any CPU
	EndGlobalSection
	GlobalSection(ProjectConfigurationPlatforms) = postSolution
		{47DB8A30-0993-41CD-B24D-7ED0562854D0}.Debug|Any CPU.ActiveCfg = Debug|Any CPU
		{47DB8A30-0993-41CD-B24D-7ED0562854D0}.Debug|Any CPU.Build.0 = Debug|Any CPU
		{47DB8A30-0993-41CD-B24D-7ED0562854D0}.Release|Any CPU.ActiveCfg = Release|Any CPU
		{47DB8A30-0993-41CD-B24D-7ED0562854D0}.Release|Any CPU.Build.0 = Release|Any CPU
	EndGlobalSection
	GlobalSection(SolutionProperties) = preSolution
		HideSolutionNode = FALSE
	EndGlobalSection
	GlobalSection(ExtensibilityGlobals) = postSolution
		SolutionGuid = {2E6128AE-CF43-4405-B0B3-FCA350C60DC9}
	EndGlobalSection
EndGlobal
